
Microsoft Visual Studio Solution File, Format Version 12.00
# Visual Studio Version 17
VisualStudioVersion = 17.3.32811.315
MinimumVisualStudioVersion = 10.0.40219.1
Project("{FAE04EC0-301F-11D3-BF4B-00C04F79EFBC}") = "HelloWorld", "HelloWorld\HelloWorld.csproj", "{C37199F1-03EC-4EAA-8C77-66E29B9EA396}"
EndProject
Global
	GlobalSection(SolutionConfigurationPlatforms) = preSolution
		Debug|Any CPU = Debug|Any CPU
		Release|Any CPU = Release|Any CPU
	EndGlobalSection
	GlobalSection(ProjectConfigurationPlatforms) = postSolution
		{C37199F1-03EC-4EAA-8C77-66E29B9EA396}.Debug|Any CPU.ActiveCfg = Debug|Any CPU
		{C37199F1-03EC-4EAA-8C77-66E29B9EA396}.Debug|Any CPU.Build.0 = Debug|Any CPU
		{C37199F1-03EC-4EAA-8C77-66E29B9EA396}.Release|Any CPU.ActiveCfg = Release|Any CPU
		{C37199F1-03EC-4EAA-8C77-66E29B9EA396}.Release|Any CPU.Build.0 = Release|Any CPU
	EndGlobalSection
	GlobalSection(SolutionProperties) = preSolution
		HideSolutionNode = FALSE
	EndGlobalSection
	GlobalSection(ExtensibilityGlobals) = postSolution
		SolutionGuid = {0BE966C2-E4DE-49B5-BAB6-E50DF9C9EB3C}
	EndGlobalSection
EndGlobal
